
Microsoft Visual Studio Solution File, Format Version 12.00
# Visual Studio Version 16
VisualStudioVersion = 16.0.30907.101
MinimumVisualStudioVersion = 10.0.40219.1
Project("{9A19103F-16F7-4668-BE54-9A1E7A4F7556}") = "1_task", "5_homework\1_task.csproj", "{BC3E2D2F-8207-4FF1-AB75-DA3985005362}"
EndProject
Project("{FAE04EC0-301F-11D3-BF4B-00C04F79EFBC}") = "3_task", "3_task\3_task.csproj", "{C38ECAE8-9B28-456B-9398-3B18B57CD669}"
EndProject
Global
	GlobalSection(SolutionConfigurationPlatforms) = preSolution
		Debug|Any CPU = Debug|Any CPU
		Release|Any CPU = Release|Any CPU
	EndGlobalSection
	GlobalSection(ProjectConfigurationPlatforms) = postSolution
		{BC3E2D2F-8207-4FF1-AB75-DA3985005362}.Debug|Any CPU.ActiveCfg = Debug|Any CPU
		{BC3E2D2F-8207-4FF1-AB75-DA3985005362}.Debug|Any CPU.Build.0 = Debug|Any CPU
		{BC3E2D2F-8207-4FF1-AB75-DA3985005362}.Release|Any CPU.ActiveCfg = Release|Any CPU
		{BC3E2D2F-8207-4FF1-AB75-DA3985005362}.Release|Any CPU.Build.0 = Release|Any CPU
		{C38ECAE8-9B28-456B-9398-3B18B57CD669}.Debug|Any CPU.ActiveCfg = Debug|Any CPU
		{C38ECAE8-9B28-456B-9398-3B18B57CD669}.Debug|Any CPU.Build.0 = Debug|Any CPU
		{C38ECAE8-9B28-456B-9398-3B18B57CD669}.Release|Any CPU.ActiveCfg = Release|Any CPU
		{C38ECAE8-9B28-456B-9398-3B18B57CD669}.Release|Any CPU.Build.0 = Release|Any CPU
	EndGlobalSection
	GlobalSection(SolutionProperties) = preSolution
		HideSolutionNode = FALSE
	EndGlobalSection
	GlobalSection(ExtensibilityGlobals) = postSolution
		SolutionGuid = {8C34B2D1-2296-4710-A84F-77C9CC712993}
	EndGlobalSection
EndGlobal
