
Microsoft Visual Studio Solution File, Format Version 12.00
# Visual Studio Version 16
VisualStudioVersion = 16.0.30907.101
MinimumVisualStudioVersion = 10.0.40219.1
Project("{FAE04EC0-301F-11D3-BF4B-00C04F79EFBC}") = "customers", "customers\customers.csproj", "{3FB07D93-FF63-4F19-9EA7-AD3D704FEA36}"
EndProject
Global
	GlobalSection(SolutionConfigurationPlatforms) = preSolution
		Debug|Any CPU = Debug|Any CPU
		Release|Any CPU = Release|Any CPU
	EndGlobalSection
	GlobalSection(ProjectConfigurationPlatforms) = postSolution
		{3FB07D93-FF63-4F19-9EA7-AD3D704FEA36}.Debug|Any CPU.ActiveCfg = Debug|Any CPU
		{3FB07D93-FF63-4F19-9EA7-AD3D704FEA36}.Debug|Any CPU.Build.0 = Debug|Any CPU
		{3FB07D93-FF63-4F19-9EA7-AD3D704FEA36}.Release|Any CPU.ActiveCfg = Release|Any CPU
		{3FB07D93-FF63-4F19-9EA7-AD3D704FEA36}.Release|Any CPU.Build.0 = Release|Any CPU
	EndGlobalSection
	GlobalSection(SolutionProperties) = preSolution
		HideSolutionNode = FALSE
	EndGlobalSection
	GlobalSection(ExtensibilityGlobals) = postSolution
		SolutionGuid = {FA4D1243-A361-475B-A5C8-A3167053A26E}
	EndGlobalSection
EndGlobal
