
Microsoft Visual Studio Solution File, Format Version 12.00
# Visual Studio 15
VisualStudioVersion = 15.0.28307.902
MinimumVisualStudioVersion = 10.0.40219.1
Project("{FAE04EC0-301F-11D3-BF4B-00C04F79EFBC}") = "WindowsFormsApp1", "WindowsFormsApp1\WindowsFormsApp1.csproj", "{C42C7FEC-FEFE-4F91-8DA0-01511C3CE631}"
EndProject
Global
	GlobalSection(SolutionConfigurationPlatforms) = preSolution
		Debug|Any CPU = Debug|Any CPU
		Release|Any CPU = Release|Any CPU
	EndGlobalSection
	GlobalSection(ProjectConfigurationPlatforms) = postSolution
		{C42C7FEC-FEFE-4F91-8DA0-01511C3CE631}.Debug|Any CPU.ActiveCfg = Debug|Any CPU
		{C42C7FEC-FEFE-4F91-8DA0-01511C3CE631}.Debug|Any CPU.Build.0 = Debug|Any CPU
		{C42C7FEC-FEFE-4F91-8DA0-01511C3CE631}.Release|Any CPU.ActiveCfg = Release|Any CPU
		{C42C7FEC-FEFE-4F91-8DA0-01511C3CE631}.Release|Any CPU.Build.0 = Release|Any CPU
	EndGlobalSection
	GlobalSection(SolutionProperties) = preSolution
		HideSolutionNode = FALSE
	EndGlobalSection
	GlobalSection(ExtensibilityGlobals) = postSolution
		SolutionGuid = {5C08EFBA-3D9A-4E5B-AE04-2DDEC07A9D60}
	EndGlobalSection
EndGlobal
